// !$*UTF8*$!
{
	archiveVersion = 1;
	classes = {
	};
	objectVersion = 46;
	objects = {

/* Begin PBXBuildFile section */
		9F2F22991DD1DA2500DA6EFD /* JKTest.m in Sources */ = {isa = PBXBuildFile; fileRef = 9F2F22981DD1DA2500DA6EFD /* JKTest.m */; };
		9FC56E641DAB977900F0CA20 /* AppDelegate.swift in Sources */ = {isa = PBXBuildFile; fileRef = 9FC56E631DAB977900F0CA20 /* AppDelegate.swift */; };
		9FC56E661DAB977900F0CA20 /* ViewController.swift in Sources */ = {isa = PBXBuildFile; fileRef = 9FC56E651DAB977900F0CA20 /* ViewController.swift */; };
		9FC56E691DAB977900F0CA20 /* Main.storyboard in Resources */ = {isa = PBXBuildFile; fileRef = 9FC56E671DAB977900F0CA20 /* Main.storyboard */; };
		9FC56E6B1DAB977900F0CA20 /* Assets.xcassets in Resources */ = {isa = PBXBuildFile; fileRef = 9FC56E6A1DAB977900F0CA20 /* Assets.xcassets */; };
		9FC56E6E1DAB977900F0CA20 /* LaunchScreen.storyboard in Resources */ = {isa = PBXBuildFile; fileRef = 9FC56E6C1DAB977900F0CA20 /* LaunchScreen.storyboard */; };
		9FC56E791DAB97C900F0CA20 /* JKBaseViewController.swift in Sources */ = {isa = PBXBuildFile; fileRef = 9FC56E761DAB97C900F0CA20 /* JKBaseViewController.swift */; };
		9FC56E7A1DAB97C900F0CA20 /* JKGlobalDefinition.swift in Sources */ = {isa = PBXBuildFile; fileRef = 9FC56E771DAB97C900F0CA20 /* JKGlobalDefinition.swift */; };
		9FC56E7D1DAB98A800F0CA20 /* JKEmployer.swift in Sources */ = {isa = PBXBuildFile; fileRef = 9FC56E7C1DAB98A800F0CA20 /* JKEmployer.swift */; };
/* End PBXBuildFile section */

/* Begin PBXFileReference section */
		9F2F22961DD1DA2500DA6EFD /* 5-协议代理-Bridging-Header.h */ = {isa = PBXFileReference; lastKnownFileType = sourcecode.c.h; path = "5-协议代理-Bridging-Header.h"; sourceTree = "<group>"; };
		9F2F22971DD1DA2500DA6EFD /* JKTest.h */ = {isa = PBXFileReference; fileEncoding = 4; lastKnownFileType = sourcecode.c.h; path = JKTest.h; sourceTree = "<group>"; };
		9F2F22981DD1DA2500DA6EFD /* JKTest.m */ = {isa = PBXFileReference; fileEncoding = 4; lastKnownFileType = sourcecode.c.objc; path = JKTest.m; sourceTree = "<group>"; };
		9FC56E601DAB977900F0CA20 /* 5-协议代理.app */ = {isa = PBXFileReference; explicitFileType = wrapper.application; includeInIndex = 0; path = "5-协议代理.app"; sourceTree = BUILT_PRODUCTS_DIR; };
		9FC56E631DAB977900F0CA20 /* AppDelegate.swift */ = {isa = PBXFileReference; lastKnownFileType = sourcecode.swift; path = AppDelegate.swift; sourceTree = "<group>"; };
		9FC56E651DAB977900F0CA20 /* ViewController.swift */ = {isa = PBXFileReference; lastKnownFileType = sourcecode.swift; path = ViewController.swift; sourceTree = "<group>"; };
		9FC56E681DAB977900F0CA20 /* Base */ = {isa = PBXFileReference; lastKnownFileType = file.storyboard; name = Base; path = Base.lproj/Main.storyboard; sourceTree = "<group>"; };
		9FC56E6A1DAB977900F0CA20 /* Assets.xcassets */ = {isa = PBXFileReference; lastKnownFileType = folder.assetcatalog; path = Assets.xcassets; sourceTree = "<group>"; };
		9FC56E6D1DAB977900F0CA20 /* Base */ = {isa = PBXFileReference; lastKnownFileType = file.storyboard; name = Base; path = Base.lproj/LaunchScreen.storyboard; sourceTree = "<group>"; };
		9FC56E6F1DAB977900F0CA20 /* Info.plist */ = {isa = PBXFileReference; lastKnownFileType = text.plist.xml; path = Info.plist; sourceTree = "<group>"; };
		9FC56E761DAB97C900F0CA20 /* JKBaseViewController.swift */ = {isa = PBXFileReference; fileEncoding = 4; lastKnownFileType = sourcecode.swift; path = JKBaseViewController.swift; sourceTree = "<group>"; };
		9FC56E771DAB97C900F0CA20 /* JKGlobalDefinition.swift */ = {isa = PBXFileReference; fileEncoding = 4; lastKnownFileType = sourcecode.swift; path = JKGlobalDefinition.swift; sourceTree = "<group>"; };
		9FC56E7C1DAB98A800F0CA20 /* JKEmployer.swift */ = {isa = PBXFileReference; fileEncoding = 4; lastKnownFileType = sourcecode.swift; path = JKEmployer.swift; sourceTree = "<group>"; };
/* End PBXFileReference section */

/* Begin PBXFrameworksBuildPhase section */
		9FC56E5D1DAB977900F0CA20 /* Frameworks */ = {
			isa = PBXFrameworksBuildPhase;
			buildActionMask = 2147483647;
			files = (
			);
			runOnlyForDeploymentPostprocessing = 0;
		};
/* End PBXFrameworksBuildPhase section */

/* Begin PBXGroup section */
		9FC56E571DAB977900F0CA20 = {
			isa = PBXGroup;
			children = (
				9FC56E621DAB977900F0CA20 /* 5-协议代理 */,
				9FC56E611DAB977900F0CA20 /* Products */,
			);
			sourceTree = "<group>";
		};
		9FC56E611DAB977900F0CA20 /* Products */ = {
			isa = PBXGroup;
			children = (
				9FC56E601DAB977900F0CA20 /* 5-协议代理.app */,
			);
			name = Products;
			sourceTree = "<group>";
		};
		9FC56E621DAB977900F0CA20 /* 5-协议代理 */ = {
			isa = PBXGroup;
			children = (
				9FC56E631DAB977900F0CA20 /* AppDelegate.swift */,
				9FC56E651DAB977900F0CA20 /* ViewController.swift */,
				9FC56E7C1DAB98A800F0CA20 /* JKEmployer.swift */,
				9FC56E671DAB977900F0CA20 /* Main.storyboard */,
				9FC56E751DAB97C900F0CA20 /* 通用 */,
				9FC56E6A1DAB977900F0CA20 /* Assets.xcassets */,
				9FC56E6C1DAB977900F0CA20 /* LaunchScreen.storyboard */,
				9FC56E6F1DAB977900F0CA20 /* Info.plist */,
				9F2F22971DD1DA2500DA6EFD /* JKTest.h */,
				9F2F22981DD1DA2500DA6EFD /* JKTest.m */,
				9F2F22961DD1DA2500DA6EFD /* 5-协议代理-Bridging-Header.h */,
			);
			path = "5-协议代理";
			sourceTree = "<group>";
		};
		9FC56E751DAB97C900F0CA20 /* 通用 */ = {
			isa = PBXGroup;
			children = (
				9FC56E761DAB97C900F0CA20 /* JKBaseViewController.swift */,
				9FC56E771DAB97C900F0CA20 /* JKGlobalDefinition.swift */,
			);
			path = "通用";
			sourceTree = "<group>";
		};
/* End PBXGroup section */

/* Begin PBXNativeTarget section */
		9FC56E5F1DAB977900F0CA20 /* 5-协议代理 */ = {
			isa = PBXNativeTarget;
			buildConfigurationList = 9FC56E721DAB977900F0CA20 /* Build configuration list for PBXNativeTarget "5-协议代理" */;
			buildPhases = (
				9FC56E5C1DAB977900F0CA20 /* Sources */,
				9FC56E5D1DAB977900F0CA20 /* Frameworks */,
				9FC56E5E1DAB977900F0CA20 /* Resources */,
			);
			buildRules = (
			);
			dependencies = (
			);
			name = "5-协议代理";
			productName = "5-协议代理";
			productReference = 9FC56E601DAB977900F0CA20 /* 5-协议代理.app */;
			productType = "com.apple.product-type.application";
		};
/* End PBXNativeTarget section */

/* Begin PBXProject section */
		9FC56E581DAB977900F0CA20 /* Project object */ = {
			isa = PBXProject;
			attributes = {
				CLASSPREFIX = JK;
				LastSwiftUpdateCheck = 0800;
				LastUpgradeCheck = 0800;
				ORGANIZATIONNAME = "蒋鹏";
				TargetAttributes = {
					9FC56E5F1DAB977900F0CA20 = {
						CreatedOnToolsVersion = 8.0;
						DevelopmentTeam = 756Y4UTJUH;
						LastSwiftMigration = 0810;
						ProvisioningStyle = Automatic;
					};
				};
			};
			buildConfigurationList = 9FC56E5B1DAB977900F0CA20 /* Build configuration list for PBXProject "5-协议代理" */;
			compatibilityVersion = "Xcode 3.2";
			developmentRegion = English;
			hasScannedForEncodings = 0;
			knownRegions = (
				en,
				Base,
			);
			mainGroup = 9FC56E571DAB977900F0CA20;
			productRefGroup = 9FC56E611DAB977900F0CA20 /* Products */;
			projectDirPath = "";
			projectRoot = "";
			targets = (
				9FC56E5F1DAB977900F0CA20 /* 5-协议代理 */,
			);
		};
/* End PBXProject section */

/* Begin PBXResourcesBuildPhase section */
		9FC56E5E1DAB977900F0CA20 /* Resources */ = {
			isa = PBXResourcesBuildPhase;
			buildActionMask = 2147483647;
			files = (
				9FC56E6E1DAB977900F0CA20 /* LaunchScreen.storyboard in Resources */,
				9FC56E6B1DAB977900F0CA20 /* Assets.xcassets in Resources */,
				9FC56E691DAB977900F0CA20 /* Main.storyboard in Resources */,
			);
			runOnlyForDeploymentPostprocessing = 0;
		};
/* End PBXResourcesBuildPhase section */

/* Begin PBXSourcesBuildPhase section */
		9FC56E5C1DAB977900F0CA20 /* Sources */ = {
			isa = PBXSourcesBuildPhase;
			buildActionMask = 2147483647;
			files = (
				9FC56E791DAB97C900F0CA20 /* JKBaseViewController.swift in Sources */,
				9FC56E7D1DAB98A800F0CA20 /* JKEmployer.swift in Sources */,
				9FC56E661DAB977900F0CA20 /* ViewController.swift in Sources */,
				9FC56E7A1DAB97C900F0CA20 /* JKGlobalDefinition.swift in Sources */,
				9F2F22991DD1DA2500DA6EFD /* JKTest.m in Sources */,
				9FC56E641DAB977900F0CA20 /* AppDelegate.swift in Sources */,
			);
			runOnlyForDeploymentPostprocessing = 0;
		};
/* End PBXSourcesBuildPhase section */

/* Begin PBXVariantGroup section */
		9FC56E671DAB977900F0CA20 /* Main.storyboard */ = {
			isa = PBXVariantGroup;
			children = (
				9FC56E681DAB977900F0CA20 /* Base */,
			);
			name = Main.storyboard;
			sourceTree = "<group>";
		};
		9FC56E6C1DAB977900F0CA20 /* LaunchScreen.storyboard */ = {
			isa = PBXVariantGroup;
			children = (
				9FC56E6D1DAB977900F0CA20 /* Base */,
			);
			name = LaunchScreen.storyboard;
			sourceTree = "<group>";
		};
/* End PBXVariantGroup section */

/* Begin XCBuildConfiguration section */
		9FC56E701DAB977900F0CA20 /* Debug */ = {
			isa = XCBuildConfiguration;
			buildSettings = {
				ALWAYS_SEARCH_USER_PATHS = NO;
				CLANG_ANALYZER_NONNULL = YES;
				CLANG_CXX_LANGUAGE_STANDARD = "gnu++0x";
				CLANG_CXX_LIBRARY = "libc++";
				CLANG_ENABLE_MODULES = YES;
				CLANG_ENABLE_OBJC_ARC = YES;
				CLANG_WARN_BOOL_CONVERSION = YES;
				CLANG_WARN_CONSTANT_CONVERSION = YES;
				CLANG_WARN_DIRECT_OBJC_ISA_USAGE = YES_ERROR;
				CLANG_WARN_DOCUMENTATION_COMMENTS = YES;
				CLANG_WARN_EMPTY_BODY = YES;
				CLANG_WARN_ENUM_CONVERSION = YES;
				CLANG_WARN_INFINITE_RECURSION = YES;
				CLANG_WARN_INT_CONVERSION = YES;
				CLANG_WARN_OBJC_ROOT_CLASS = YES_ERROR;
				CLANG_WARN_SUSPICIOUS_MOVES = YES;
				CLANG_WARN_UNREACHABLE_CODE = YES;
				CLANG_WARN__DUPLICATE_METHOD_MATCH = YES;
				"CODE_SIGN_IDENTITY[sdk=iphoneos*]" = "iPhone Developer";
				COPY_PHASE_STRIP = NO;
				DEBUG_INFORMATION_FORMAT = dwarf;
				ENABLE_STRICT_OBJC_MSGSEND = YES;
				ENABLE_TESTABILITY = YES;
				GCC_C_LANGUAGE_STANDARD = gnu99;
				GCC_DYNAMIC_NO_PIC = NO;
				GCC_NO_COMMON_BLOCKS = YES;
				GCC_OPTIMIZATION_LEVEL = 0;
				GCC_PREPROCESSOR_DEFINITIONS = (
					"DEBUG=1",
					"$(inherited)",
				);
				GCC_WARN_64_TO_32_BIT_CONVERSION = YES;
				GCC_WARN_ABOUT_RETURN_TYPE = YES_ERROR;
				GCC_WARN_UNDECLARED_SELECTOR = YES;
				GCC_WARN_UNINITIALIZED_AUTOS = YES_AGGRESSIVE;
				GCC_WARN_UNUSED_FUNCTION = YES;
				GCC_WARN_UNUSED_VARIABLE = YES;
				IPHONEOS_DEPLOYMENT_TARGET = 10.0;
				MTL_ENABLE_DEBUG_INFO = YES;
				ONLY_ACTIVE_ARCH = YES;
				SDKROOT = iphoneos;
				SWIFT_ACTIVE_COMPILATION_CONDITIONS = DEBUG;
				SWIFT_OPTIMIZATION_LEVEL = "-Onone";
			};
			name = Debug;
		};
		9FC56E711DAB977900F0CA20 /* Release */ = {
			isa = XCBuildConfiguration;
			buildSettings = {
				ALWAYS_SEARCH_USER_PATHS = NO;
				CLANG_ANALYZER_NONNULL = YES;
				CLANG_CXX_LANGUAGE_STANDARD = "gnu++0x";
				CLANG_CXX_LIBRARY = "libc++";
				CLANG_ENABLE_MODULES = YES;
				CLANG_ENABLE_OBJC_ARC = YES;
				CLANG_WARN_BOOL_CONVERSION = YES;
				CLANG_WARN_CONSTANT_CONVERSION = YES;
				CLANG_WARN_DIRECT_OBJC_ISA_USAGE = YES_ERROR;
				CLANG_WARN_DOCUMENTATION_COMMENTS = YES;
				CLANG_WARN_EMPTY_BODY = YES;
				CLANG_WARN_ENUM_CONVERSION = YES;
				CLANG_WARN_INFINITE_RECURSION = YES;
				CLANG_WARN_INT_CONVERSION = YES;
				CLANG_WARN_OBJC_ROOT_CLASS = YES_ERROR;
				CLANG_WARN_SUSPICIOUS_MOVES = YES;
				CLANG_WARN_UNREACHABLE_CODE = YES;
				CLANG_WARN__DUPLICATE_METHOD_MATCH = YES;
				"CODE_SIGN_IDENTITY[sdk=iphoneos*]" = "iPhone Developer";
				COPY_PHASE_STRIP = NO;
				DEBUG_INFORMATION_FORMAT = "dwarf-with-dsym";
				ENABLE_NS_ASSERTIONS = NO;
				ENABLE_STRICT_OBJC_MSGSEND = YES;
				GCC_C_LANGUAGE_STANDARD = gnu99;
				GCC_NO_COMMON_BLOCKS = YES;
				GCC_WARN_64_TO_32_BIT_CONVERSION = YES;
				GCC_WARN_ABOUT_RETURN_TYPE = YES_ERROR;
				GCC_WARN_UNDECLARED_SELECTOR = YES;
				GCC_WARN_UNINITIALIZED_AUTOS = YES_AGGRESSIVE;
				GCC_WARN_UNUSED_FUNCTION = YES;
				GCC_WARN_UNUSED_VARIABLE = YES;
				IPHONEOS_DEPLOYMENT_TARGET = 10.0;
				MTL_ENABLE_DEBUG_INFO = NO;
				SDKROOT = iphoneos;
				SWIFT_OPTIMIZATION_LEVEL = "-Owholemodule";
				VALIDATE_PRODUCT = YES;
			};
			name = Release;
		};
		9FC56E731DAB977900F0CA20 /* Debug */ = {
			isa = XCBuildConfiguration;
			buildSettings = {
				ASSETCATALOG_COMPILER_APPICON_NAME = AppIcon;
				CLANG_ENABLE_MODULES = YES;
				DEVELOPMENT_TEAM = 756Y4UTJUH;
				INFOPLIST_FILE = "5-协议代理/Info.plist";
				LD_RUNPATH_SEARCH_PATHS = "$(inherited) @executable_path/Frameworks";
				PRODUCT_BUNDLE_IDENTIFIER = "com.XiFengLang.------";
				PRODUCT_NAME = "$(TARGET_NAME)";
				SWIFT_OBJC_BRIDGING_HEADER = "5-协议代理/5-协议代理-Bridging-Header.h";
				SWIFT_OPTIMIZATION_LEVEL = "-Onone";
				SWIFT_VERSION = 3.0;
			};
			name = Debug;
		};
		9FC56E741DAB977900F0CA20 /* Release */ = {
			isa = XCBuildConfiguration;
			buildSettings = {
				ASSETCATALOG_COMPILER_APPICON_NAME = AppIcon;
				CLANG_ENABLE_MODULES = YES;
				DEVELOPMENT_TEAM = 756Y4UTJUH;
				INFOPLIST_FILE = "5-协议代理/Info.plist";
				LD_RUNPATH_SEARCH_PATHS = "$(inherited) @executable_path/Frameworks";
				PRODUCT_BUNDLE_IDENTIFIER = "com.XiFengLang.------";
				PRODUCT_NAME = "$(TARGET_NAME)";
				SWIFT_OBJC_BRIDGING_HEADER = "5-协议代理/5-协议代理-Bridging-Header.h";
				SWIFT_VERSION = 3.0;
			};
			name = Release;
		};
/* End XCBuildConfiguration section */

/* Begin XCConfigurationList section */
		9FC56E5B1DAB977900F0CA20 /* Build configuration list for PBXProject "5-协议代理" */ = {
			isa = XCConfigurationList;
			buildConfigurations = (
				9FC56E701DAB977900F0CA20 /* Debug */,
				9FC56E711DAB977900F0CA20 /* Release */,
			);
			defaultConfigurationIsVisible = 0;
			defaultConfigurationName = Release;
		};
		9FC56E721DAB977900F0CA20 /* Build configuration list for PBXNativeTarget "5-协议代理" */ = {
			isa = XCConfigurationList;
			buildConfigurations = (
				9FC56E731DAB977900F0CA20 /* Debug */,
				9FC56E741DAB977900F0CA20 /* Release */,
			);
			defaultConfigurationIsVisible = 0;
			defaultConfigurationName = Release;
		};
/* End XCConfigurationList section */
	};
	rootObject = 9FC56E581DAB977900F0CA20 /* Project object */;
}
