// !$*UTF8*$!
{
	archiveVersion = 1;
	classes = {
	};
	objectVersion = 46;
	objects = {

/* Begin PBXBuildFile section */
		9F3B6EF01DB4E3AB000067BB /* main.m in Sources */ = {isa = PBXBuildFile; fileRef = 9F3B6EEF1DB4E3AB000067BB /* main.m */; };
		9F3B6EF31DB4E3AB000067BB /* AppDelegate.m in Sources */ = {isa = PBXBuildFile; fileRef = 9F3B6EF21DB4E3AB000067BB /* AppDelegate.m */; };
		9F3B6EF61DB4E3AB000067BB /* ViewController.m in Sources */ = {isa = PBXBuildFile; fileRef = 9F3B6EF51DB4E3AB000067BB /* ViewController.m */; };
		9F3B6EF91DB4E3AB000067BB /* Main.storyboard in Resources */ = {isa = PBXBuildFile; fileRef = 9F3B6EF71DB4E3AB000067BB /* Main.storyboard */; };
		9F3B6EFB1DB4E3AB000067BB /* Assets.xcassets in Resources */ = {isa = PBXBuildFile; fileRef = 9F3B6EFA1DB4E3AB000067BB /* Assets.xcassets */; };
		9F3B6EFE1DB4E3AB000067BB /* LaunchScreen.storyboard in Resources */ = {isa = PBXBuildFile; fileRef = 9F3B6EFC1DB4E3AB000067BB /* LaunchScreen.storyboard */; };
/* End PBXBuildFile section */

/* Begin PBXFileReference section */
		9F3B6EEB1DB4E3AB000067BB /* 10-自定义相册.app */ = {isa = PBXFileReference; explicitFileType = wrapper.application; includeInIndex = 0; path = "10-自定义相册.app"; sourceTree = BUILT_PRODUCTS_DIR; };
		9F3B6EEF1DB4E3AB000067BB /* main.m */ = {isa = PBXFileReference; lastKnownFileType = sourcecode.c.objc; path = main.m; sourceTree = "<group>"; };
		9F3B6EF11DB4E3AB000067BB /* AppDelegate.h */ = {isa = PBXFileReference; lastKnownFileType = sourcecode.c.h; path = AppDelegate.h; sourceTree = "<group>"; };
		9F3B6EF21DB4E3AB000067BB /* AppDelegate.m */ = {isa = PBXFileReference; lastKnownFileType = sourcecode.c.objc; path = AppDelegate.m; sourceTree = "<group>"; };
		9F3B6EF41DB4E3AB000067BB /* ViewController.h */ = {isa = PBXFileReference; lastKnownFileType = sourcecode.c.h; path = ViewController.h; sourceTree = "<group>"; };
		9F3B6EF51DB4E3AB000067BB /* ViewController.m */ = {isa = PBXFileReference; lastKnownFileType = sourcecode.c.objc; path = ViewController.m; sourceTree = "<group>"; };
		9F3B6EF81DB4E3AB000067BB /* Base */ = {isa = PBXFileReference; lastKnownFileType = file.storyboard; name = Base; path = Base.lproj/Main.storyboard; sourceTree = "<group>"; };
		9F3B6EFA1DB4E3AB000067BB /* Assets.xcassets */ = {isa = PBXFileReference; lastKnownFileType = folder.assetcatalog; path = Assets.xcassets; sourceTree = "<group>"; };
		9F3B6EFD1DB4E3AB000067BB /* Base */ = {isa = PBXFileReference; lastKnownFileType = file.storyboard; name = Base; path = Base.lproj/LaunchScreen.storyboard; sourceTree = "<group>"; };
		9F3B6EFF1DB4E3AB000067BB /* Info.plist */ = {isa = PBXFileReference; lastKnownFileType = text.plist.xml; path = Info.plist; sourceTree = "<group>"; };
/* End PBXFileReference section */

/* Begin PBXFrameworksBuildPhase section */
		9F3B6EE81DB4E3AB000067BB /* Frameworks */ = {
			isa = PBXFrameworksBuildPhase;
			buildActionMask = 2147483647;
			files = (
			);
			runOnlyForDeploymentPostprocessing = 0;
		};
/* End PBXFrameworksBuildPhase section */

/* Begin PBXGroup section */
		9F3B6EE21DB4E3AB000067BB = {
			isa = PBXGroup;
			children = (
				9F3B6EED1DB4E3AB000067BB /* 10-自定义相册 */,
				9F3B6EEC1DB4E3AB000067BB /* Products */,
			);
			sourceTree = "<group>";
		};
		9F3B6EEC1DB4E3AB000067BB /* Products */ = {
			isa = PBXGroup;
			children = (
				9F3B6EEB1DB4E3AB000067BB /* 10-自定义相册.app */,
			);
			name = Products;
			sourceTree = "<group>";
		};
		9F3B6EED1DB4E3AB000067BB /* 10-自定义相册 */ = {
			isa = PBXGroup;
			children = (
				9F3B6EF11DB4E3AB000067BB /* AppDelegate.h */,
				9F3B6EF21DB4E3AB000067BB /* AppDelegate.m */,
				9F3B6EF41DB4E3AB000067BB /* ViewController.h */,
				9F3B6EF51DB4E3AB000067BB /* ViewController.m */,
				9F3B6EF71DB4E3AB000067BB /* Main.storyboard */,
				9F3B6EFA1DB4E3AB000067BB /* Assets.xcassets */,
				9F3B6EFC1DB4E3AB000067BB /* LaunchScreen.storyboard */,
				9F3B6EFF1DB4E3AB000067BB /* Info.plist */,
				9F3B6EEE1DB4E3AB000067BB /* Supporting Files */,
			);
			path = "10-自定义相册";
			sourceTree = "<group>";
		};
		9F3B6EEE1DB4E3AB000067BB /* Supporting Files */ = {
			isa = PBXGroup;
			children = (
				9F3B6EEF1DB4E3AB000067BB /* main.m */,
			);
			name = "Supporting Files";
			sourceTree = "<group>";
		};
/* End PBXGroup section */

/* Begin PBXNativeTarget section */
		9F3B6EEA1DB4E3AB000067BB /* 10-自定义相册 */ = {
			isa = PBXNativeTarget;
			buildConfigurationList = 9F3B6F021DB4E3AB000067BB /* Build configuration list for PBXNativeTarget "10-自定义相册" */;
			buildPhases = (
				9F3B6EE71DB4E3AB000067BB /* Sources */,
				9F3B6EE81DB4E3AB000067BB /* Frameworks */,
				9F3B6EE91DB4E3AB000067BB /* Resources */,
			);
			buildRules = (
			);
			dependencies = (
			);
			name = "10-自定义相册";
			productName = "10-自定义相册";
			productReference = 9F3B6EEB1DB4E3AB000067BB /* 10-自定义相册.app */;
			productType = "com.apple.product-type.application";
		};
/* End PBXNativeTarget section */

/* Begin PBXProject section */
		9F3B6EE31DB4E3AB000067BB /* Project object */ = {
			isa = PBXProject;
			attributes = {
				CLASSPREFIX = JK;
				LastUpgradeCheck = 0800;
				ORGANIZATIONNAME = "蒋鹏";
				TargetAttributes = {
					9F3B6EEA1DB4E3AB000067BB = {
						CreatedOnToolsVersion = 8.0;
						DevelopmentTeam = 756Y4UTJUH;
						ProvisioningStyle = Automatic;
					};
				};
			};
			buildConfigurationList = 9F3B6EE61DB4E3AB000067BB /* Build configuration list for PBXProject "10-自定义相册" */;
			compatibilityVersion = "Xcode 3.2";
			developmentRegion = English;
			hasScannedForEncodings = 0;
			knownRegions = (
				en,
				Base,
			);
			mainGroup = 9F3B6EE21DB4E3AB000067BB;
			productRefGroup = 9F3B6EEC1DB4E3AB000067BB /* Products */;
			projectDirPath = "";
			projectRoot = "";
			targets = (
				9F3B6EEA1DB4E3AB000067BB /* 10-自定义相册 */,
			);
		};
/* End PBXProject section */

/* Begin PBXResourcesBuildPhase section */
		9F3B6EE91DB4E3AB000067BB /* Resources */ = {
			isa = PBXResourcesBuildPhase;
			buildActionMask = 2147483647;
			files = (
				9F3B6EFE1DB4E3AB000067BB /* LaunchScreen.storyboard in Resources */,
				9F3B6EFB1DB4E3AB000067BB /* Assets.xcassets in Resources */,
				9F3B6EF91DB4E3AB000067BB /* Main.storyboard in Resources */,
			);
			runOnlyForDeploymentPostprocessing = 0;
		};
/* End PBXResourcesBuildPhase section */

/* Begin PBXSourcesBuildPhase section */
		9F3B6EE71DB4E3AB000067BB /* Sources */ = {
			isa = PBXSourcesBuildPhase;
			buildActionMask = 2147483647;
			files = (
				9F3B6EF61DB4E3AB000067BB /* ViewController.m in Sources */,
				9F3B6EF31DB4E3AB000067BB /* AppDelegate.m in Sources */,
				9F3B6EF01DB4E3AB000067BB /* main.m in Sources */,
			);
			runOnlyForDeploymentPostprocessing = 0;
		};
/* End PBXSourcesBuildPhase section */

/* Begin PBXVariantGroup section */
		9F3B6EF71DB4E3AB000067BB /* Main.storyboard */ = {
			isa = PBXVariantGroup;
			children = (
				9F3B6EF81DB4E3AB000067BB /* Base */,
			);
			name = Main.storyboard;
			sourceTree = "<group>";
		};
		9F3B6EFC1DB4E3AB000067BB /* LaunchScreen.storyboard */ = {
			isa = PBXVariantGroup;
			children = (
				9F3B6EFD1DB4E3AB000067BB /* Base */,
			);
			name = LaunchScreen.storyboard;
			sourceTree = "<group>";
		};
/* End PBXVariantGroup section */

/* Begin XCBuildConfiguration section */
		9F3B6F001DB4E3AB000067BB /* Debug */ = {
			isa = XCBuildConfiguration;
			buildSettings = {
				ALWAYS_SEARCH_USER_PATHS = NO;
				CLANG_ANALYZER_NONNULL = YES;
				CLANG_CXX_LANGUAGE_STANDARD = "gnu++0x";
				CLANG_CXX_LIBRARY = "libc++";
				CLANG_ENABLE_MODULES = YES;
				CLANG_ENABLE_OBJC_ARC = YES;
				CLANG_WARN_BOOL_CONVERSION = YES;
				CLANG_WARN_CONSTANT_CONVERSION = YES;
				CLANG_WARN_DIRECT_OBJC_ISA_USAGE = YES_ERROR;
				CLANG_WARN_DOCUMENTATION_COMMENTS = YES;
				CLANG_WARN_EMPTY_BODY = YES;
				CLANG_WARN_ENUM_CONVERSION = YES;
				CLANG_WARN_INFINITE_RECURSION = YES;
				CLANG_WARN_INT_CONVERSION = YES;
				CLANG_WARN_OBJC_ROOT_CLASS = YES_ERROR;
				CLANG_WARN_SUSPICIOUS_MOVES = YES;
				CLANG_WARN_UNREACHABLE_CODE = YES;
				CLANG_WARN__DUPLICATE_METHOD_MATCH = YES;
				"CODE_SIGN_IDENTITY[sdk=iphoneos*]" = "iPhone Developer";
				COPY_PHASE_STRIP = NO;
				DEBUG_INFORMATION_FORMAT = dwarf;
				ENABLE_STRICT_OBJC_MSGSEND = YES;
				ENABLE_TESTABILITY = YES;
				GCC_C_LANGUAGE_STANDARD = gnu99;
				GCC_DYNAMIC_NO_PIC = NO;
				GCC_NO_COMMON_BLOCKS = YES;
				GCC_OPTIMIZATION_LEVEL = 0;
				GCC_PREPROCESSOR_DEFINITIONS = (
					"DEBUG=1",
					"$(inherited)",
				);
				GCC_WARN_64_TO_32_BIT_CONVERSION = YES;
				GCC_WARN_ABOUT_RETURN_TYPE = YES_ERROR;
				GCC_WARN_UNDECLARED_SELECTOR = YES;
				GCC_WARN_UNINITIALIZED_AUTOS = YES_AGGRESSIVE;
				GCC_WARN_UNUSED_FUNCTION = YES;
				GCC_WARN_UNUSED_VARIABLE = YES;
				IPHONEOS_DEPLOYMENT_TARGET = 10.0;
				MTL_ENABLE_DEBUG_INFO = YES;
				ONLY_ACTIVE_ARCH = YES;
				SDKROOT = iphoneos;
			};
			name = Debug;
		};
		9F3B6F011DB4E3AB000067BB /* Release */ = {
			isa = XCBuildConfiguration;
			buildSettings = {
				ALWAYS_SEARCH_USER_PATHS = NO;
				CLANG_ANALYZER_NONNULL = YES;
				CLANG_CXX_LANGUAGE_STANDARD = "gnu++0x";
				CLANG_CXX_LIBRARY = "libc++";
				CLANG_ENABLE_MODULES = YES;
				CLANG_ENABLE_OBJC_ARC = YES;
				CLANG_WARN_BOOL_CONVERSION = YES;
				CLANG_WARN_CONSTANT_CONVERSION = YES;
				CLANG_WARN_DIRECT_OBJC_ISA_USAGE = YES_ERROR;
				CLANG_WARN_DOCUMENTATION_COMMENTS = YES;
				CLANG_WARN_EMPTY_BODY = YES;
				CLANG_WARN_ENUM_CONVERSION = YES;
				CLANG_WARN_INFINITE_RECURSION = YES;
				CLANG_WARN_INT_CONVERSION = YES;
				CLANG_WARN_OBJC_ROOT_CLASS = YES_ERROR;
				CLANG_WARN_SUSPICIOUS_MOVES = YES;
				CLANG_WARN_UNREACHABLE_CODE = YES;
				CLANG_WARN__DUPLICATE_METHOD_MATCH = YES;
				"CODE_SIGN_IDENTITY[sdk=iphoneos*]" = "iPhone Developer";
				COPY_PHASE_STRIP = NO;
				DEBUG_INFORMATION_FORMAT = "dwarf-with-dsym";
				ENABLE_NS_ASSERTIONS = NO;
				ENABLE_STRICT_OBJC_MSGSEND = YES;
				GCC_C_LANGUAGE_STANDARD = gnu99;
				GCC_NO_COMMON_BLOCKS = YES;
				GCC_WARN_64_TO_32_BIT_CONVERSION = YES;
				GCC_WARN_ABOUT_RETURN_TYPE = YES_ERROR;
				GCC_WARN_UNDECLARED_SELECTOR = YES;
				GCC_WARN_UNINITIALIZED_AUTOS = YES_AGGRESSIVE;
				GCC_WARN_UNUSED_FUNCTION = YES;
				GCC_WARN_UNUSED_VARIABLE = YES;
				IPHONEOS_DEPLOYMENT_TARGET = 10.0;
				MTL_ENABLE_DEBUG_INFO = NO;
				SDKROOT = iphoneos;
				VALIDATE_PRODUCT = YES;
			};
			name = Release;
		};
		9F3B6F031DB4E3AB000067BB /* Debug */ = {
			isa = XCBuildConfiguration;
			buildSettings = {
				ASSETCATALOG_COMPILER_APPICON_NAME = AppIcon;
				DEVELOPMENT_TEAM = 756Y4UTJUH;
				INFOPLIST_FILE = "10-自定义相册/Info.plist";
				LD_RUNPATH_SEARCH_PATHS = "$(inherited) @executable_path/Frameworks";
				PRODUCT_BUNDLE_IDENTIFIER = "com.XiFengLang.-0------";
				PRODUCT_NAME = "$(TARGET_NAME)";
			};
			name = Debug;
		};
		9F3B6F041DB4E3AB000067BB /* Release */ = {
			isa = XCBuildConfiguration;
			buildSettings = {
				ASSETCATALOG_COMPILER_APPICON_NAME = AppIcon;
				DEVELOPMENT_TEAM = 756Y4UTJUH;
				INFOPLIST_FILE = "10-自定义相册/Info.plist";
				LD_RUNPATH_SEARCH_PATHS = "$(inherited) @executable_path/Frameworks";
				PRODUCT_BUNDLE_IDENTIFIER = "com.XiFengLang.-0------";
				PRODUCT_NAME = "$(TARGET_NAME)";
			};
			name = Release;
		};
/* End XCBuildConfiguration section */

/* Begin XCConfigurationList section */
		9F3B6EE61DB4E3AB000067BB /* Build configuration list for PBXProject "10-自定义相册" */ = {
			isa = XCConfigurationList;
			buildConfigurations = (
				9F3B6F001DB4E3AB000067BB /* Debug */,
				9F3B6F011DB4E3AB000067BB /* Release */,
			);
			defaultConfigurationIsVisible = 0;
			defaultConfigurationName = Release;
		};
		9F3B6F021DB4E3AB000067BB /* Build configuration list for PBXNativeTarget "10-自定义相册" */ = {
			isa = XCConfigurationList;
			buildConfigurations = (
				9F3B6F031DB4E3AB000067BB /* Debug */,
				9F3B6F041DB4E3AB000067BB /* Release */,
			);
			defaultConfigurationIsVisible = 0;
		};
/* End XCConfigurationList section */
	};
	rootObject = 9F3B6EE31DB4E3AB000067BB /* Project object */;
}
