// !$*UTF8*$!
{
	archiveVersion = 1;
	classes = {
	};
	objectVersion = 46;
	objects = {

/* Begin PBXBuildFile section */
		9FFC39C71DADE1CA002FE5D5 /* AppDelegate.swift in Sources */ = {isa = PBXBuildFile; fileRef = 9FFC39C61DADE1CA002FE5D5 /* AppDelegate.swift */; };
		9FFC39C91DADE1CA002FE5D5 /* ViewController.swift in Sources */ = {isa = PBXBuildFile; fileRef = 9FFC39C81DADE1CA002FE5D5 /* ViewController.swift */; };
		9FFC39CC1DADE1CA002FE5D5 /* Main.storyboard in Resources */ = {isa = PBXBuildFile; fileRef = 9FFC39CA1DADE1CA002FE5D5 /* Main.storyboard */; };
		9FFC39CE1DADE1CA002FE5D5 /* Assets.xcassets in Resources */ = {isa = PBXBuildFile; fileRef = 9FFC39CD1DADE1CA002FE5D5 /* Assets.xcassets */; };
		9FFC39D11DADE1CA002FE5D5 /* LaunchScreen.storyboard in Resources */ = {isa = PBXBuildFile; fileRef = 9FFC39CF1DADE1CA002FE5D5 /* LaunchScreen.storyboard */; };
		9FFC39D91DADE1D5002FE5D5 /* RuntimeCategory.swift in Sources */ = {isa = PBXBuildFile; fileRef = 9FFC39D81DADE1D5002FE5D5 /* RuntimeCategory.swift */; };
/* End PBXBuildFile section */

/* Begin PBXFileReference section */
		9FFC39C31DADE1CA002FE5D5 /* 8-使用Runtime在分类Extension中添加属性.app */ = {isa = PBXFileReference; explicitFileType = wrapper.application; includeInIndex = 0; path = "8-使用Runtime在分类Extension中添加属性.app"; sourceTree = BUILT_PRODUCTS_DIR; };
		9FFC39C61DADE1CA002FE5D5 /* AppDelegate.swift */ = {isa = PBXFileReference; lastKnownFileType = sourcecode.swift; path = AppDelegate.swift; sourceTree = "<group>"; };
		9FFC39C81DADE1CA002FE5D5 /* ViewController.swift */ = {isa = PBXFileReference; lastKnownFileType = sourcecode.swift; path = ViewController.swift; sourceTree = "<group>"; };
		9FFC39CB1DADE1CA002FE5D5 /* Base */ = {isa = PBXFileReference; lastKnownFileType = file.storyboard; name = Base; path = Base.lproj/Main.storyboard; sourceTree = "<group>"; };
		9FFC39CD1DADE1CA002FE5D5 /* Assets.xcassets */ = {isa = PBXFileReference; lastKnownFileType = folder.assetcatalog; path = Assets.xcassets; sourceTree = "<group>"; };
		9FFC39D01DADE1CA002FE5D5 /* Base */ = {isa = PBXFileReference; lastKnownFileType = file.storyboard; name = Base; path = Base.lproj/LaunchScreen.storyboard; sourceTree = "<group>"; };
		9FFC39D21DADE1CA002FE5D5 /* Info.plist */ = {isa = PBXFileReference; lastKnownFileType = text.plist.xml; path = Info.plist; sourceTree = "<group>"; };
		9FFC39D81DADE1D5002FE5D5 /* RuntimeCategory.swift */ = {isa = PBXFileReference; fileEncoding = 4; lastKnownFileType = sourcecode.swift; path = RuntimeCategory.swift; sourceTree = "<group>"; };
/* End PBXFileReference section */

/* Begin PBXFrameworksBuildPhase section */
		9FFC39C01DADE1CA002FE5D5 /* Frameworks */ = {
			isa = PBXFrameworksBuildPhase;
			buildActionMask = 2147483647;
			files = (
			);
			runOnlyForDeploymentPostprocessing = 0;
		};
/* End PBXFrameworksBuildPhase section */

/* Begin PBXGroup section */
		9FFC39BA1DADE1CA002FE5D5 = {
			isa = PBXGroup;
			children = (
				9FFC39C51DADE1CA002FE5D5 /* 8-使用Runtime在分类Extension中添加属性 */,
				9FFC39C41DADE1CA002FE5D5 /* Products */,
			);
			sourceTree = "<group>";
		};
		9FFC39C41DADE1CA002FE5D5 /* Products */ = {
			isa = PBXGroup;
			children = (
				9FFC39C31DADE1CA002FE5D5 /* 8-使用Runtime在分类Extension中添加属性.app */,
			);
			name = Products;
			sourceTree = "<group>";
		};
		9FFC39C51DADE1CA002FE5D5 /* 8-使用Runtime在分类Extension中添加属性 */ = {
			isa = PBXGroup;
			children = (
				9FFC39C61DADE1CA002FE5D5 /* AppDelegate.swift */,
				9FFC39C81DADE1CA002FE5D5 /* ViewController.swift */,
				9FFC39D81DADE1D5002FE5D5 /* RuntimeCategory.swift */,
				9FFC39CA1DADE1CA002FE5D5 /* Main.storyboard */,
				9FFC39CD1DADE1CA002FE5D5 /* Assets.xcassets */,
				9FFC39CF1DADE1CA002FE5D5 /* LaunchScreen.storyboard */,
				9FFC39D21DADE1CA002FE5D5 /* Info.plist */,
			);
			path = "8-使用Runtime在分类Extension中添加属性";
			sourceTree = "<group>";
		};
/* End PBXGroup section */

/* Begin PBXNativeTarget section */
		9FFC39C21DADE1CA002FE5D5 /* 8-使用Runtime在分类Extension中添加属性 */ = {
			isa = PBXNativeTarget;
			buildConfigurationList = 9FFC39D51DADE1CA002FE5D5 /* Build configuration list for PBXNativeTarget "8-使用Runtime在分类Extension中添加属性" */;
			buildPhases = (
				9FFC39BF1DADE1CA002FE5D5 /* Sources */,
				9FFC39C01DADE1CA002FE5D5 /* Frameworks */,
				9FFC39C11DADE1CA002FE5D5 /* Resources */,
			);
			buildRules = (
			);
			dependencies = (
			);
			name = "8-使用Runtime在分类Extension中添加属性";
			productName = "8-使用Runtime在分类Extension中添加属性";
			productReference = 9FFC39C31DADE1CA002FE5D5 /* 8-使用Runtime在分类Extension中添加属性.app */;
			productType = "com.apple.product-type.application";
		};
/* End PBXNativeTarget section */

/* Begin PBXProject section */
		9FFC39BB1DADE1CA002FE5D5 /* Project object */ = {
			isa = PBXProject;
			attributes = {
				LastSwiftUpdateCheck = 0800;
				LastUpgradeCheck = 0800;
				ORGANIZATIONNAME = "蒋鹏";
				TargetAttributes = {
					9FFC39C21DADE1CA002FE5D5 = {
						CreatedOnToolsVersion = 8.0;
						DevelopmentTeam = 756Y4UTJUH;
						ProvisioningStyle = Automatic;
					};
				};
			};
			buildConfigurationList = 9FFC39BE1DADE1CA002FE5D5 /* Build configuration list for PBXProject "8-使用Runtime在分类Extension中添加属性" */;
			compatibilityVersion = "Xcode 3.2";
			developmentRegion = English;
			hasScannedForEncodings = 0;
			knownRegions = (
				en,
				Base,
			);
			mainGroup = 9FFC39BA1DADE1CA002FE5D5;
			productRefGroup = 9FFC39C41DADE1CA002FE5D5 /* Products */;
			projectDirPath = "";
			projectRoot = "";
			targets = (
				9FFC39C21DADE1CA002FE5D5 /* 8-使用Runtime在分类Extension中添加属性 */,
			);
		};
/* End PBXProject section */

/* Begin PBXResourcesBuildPhase section */
		9FFC39C11DADE1CA002FE5D5 /* Resources */ = {
			isa = PBXResourcesBuildPhase;
			buildActionMask = 2147483647;
			files = (
				9FFC39D11DADE1CA002FE5D5 /* LaunchScreen.storyboard in Resources */,
				9FFC39CE1DADE1CA002FE5D5 /* Assets.xcassets in Resources */,
				9FFC39CC1DADE1CA002FE5D5 /* Main.storyboard in Resources */,
			);
			runOnlyForDeploymentPostprocessing = 0;
		};
/* End PBXResourcesBuildPhase section */

/* Begin PBXSourcesBuildPhase section */
		9FFC39BF1DADE1CA002FE5D5 /* Sources */ = {
			isa = PBXSourcesBuildPhase;
			buildActionMask = 2147483647;
			files = (
				9FFC39D91DADE1D5002FE5D5 /* RuntimeCategory.swift in Sources */,
				9FFC39C91DADE1CA002FE5D5 /* ViewController.swift in Sources */,
				9FFC39C71DADE1CA002FE5D5 /* AppDelegate.swift in Sources */,
			);
			runOnlyForDeploymentPostprocessing = 0;
		};
/* End PBXSourcesBuildPhase section */

/* Begin PBXVariantGroup section */
		9FFC39CA1DADE1CA002FE5D5 /* Main.storyboard */ = {
			isa = PBXVariantGroup;
			children = (
				9FFC39CB1DADE1CA002FE5D5 /* Base */,
			);
			name = Main.storyboard;
			sourceTree = "<group>";
		};
		9FFC39CF1DADE1CA002FE5D5 /* LaunchScreen.storyboard */ = {
			isa = PBXVariantGroup;
			children = (
				9FFC39D01DADE1CA002FE5D5 /* Base */,
			);
			name = LaunchScreen.storyboard;
			sourceTree = "<group>";
		};
/* End PBXVariantGroup section */

/* Begin XCBuildConfiguration section */
		9FFC39D31DADE1CA002FE5D5 /* Debug */ = {
			isa = XCBuildConfiguration;
			buildSettings = {
				ALWAYS_SEARCH_USER_PATHS = NO;
				CLANG_ANALYZER_NONNULL = YES;
				CLANG_CXX_LANGUAGE_STANDARD = "gnu++0x";
				CLANG_CXX_LIBRARY = "libc++";
				CLANG_ENABLE_MODULES = YES;
				CLANG_ENABLE_OBJC_ARC = YES;
				CLANG_WARN_BOOL_CONVERSION = YES;
				CLANG_WARN_CONSTANT_CONVERSION = YES;
				CLANG_WARN_DIRECT_OBJC_ISA_USAGE = YES_ERROR;
				CLANG_WARN_DOCUMENTATION_COMMENTS = YES;
				CLANG_WARN_EMPTY_BODY = YES;
				CLANG_WARN_ENUM_CONVERSION = YES;
				CLANG_WARN_INFINITE_RECURSION = YES;
				CLANG_WARN_INT_CONVERSION = YES;
				CLANG_WARN_OBJC_ROOT_CLASS = YES_ERROR;
				CLANG_WARN_SUSPICIOUS_MOVES = YES;
				CLANG_WARN_UNREACHABLE_CODE = YES;
				CLANG_WARN__DUPLICATE_METHOD_MATCH = YES;
				"CODE_SIGN_IDENTITY[sdk=iphoneos*]" = "iPhone Developer";
				COPY_PHASE_STRIP = NO;
				DEBUG_INFORMATION_FORMAT = dwarf;
				ENABLE_STRICT_OBJC_MSGSEND = YES;
				ENABLE_TESTABILITY = YES;
				GCC_C_LANGUAGE_STANDARD = gnu99;
				GCC_DYNAMIC_NO_PIC = NO;
				GCC_NO_COMMON_BLOCKS = YES;
				GCC_OPTIMIZATION_LEVEL = 0;
				GCC_PREPROCESSOR_DEFINITIONS = (
					"DEBUG=1",
					"$(inherited)",
				);
				GCC_WARN_64_TO_32_BIT_CONVERSION = YES;
				GCC_WARN_ABOUT_RETURN_TYPE = YES_ERROR;
				GCC_WARN_UNDECLARED_SELECTOR = YES;
				GCC_WARN_UNINITIALIZED_AUTOS = YES_AGGRESSIVE;
				GCC_WARN_UNUSED_FUNCTION = YES;
				GCC_WARN_UNUSED_VARIABLE = YES;
				IPHONEOS_DEPLOYMENT_TARGET = 10.0;
				MTL_ENABLE_DEBUG_INFO = YES;
				ONLY_ACTIVE_ARCH = YES;
				SDKROOT = iphoneos;
				SWIFT_ACTIVE_COMPILATION_CONDITIONS = DEBUG;
				SWIFT_OPTIMIZATION_LEVEL = "-Onone";
			};
			name = Debug;
		};
		9FFC39D41DADE1CA002FE5D5 /* Release */ = {
			isa = XCBuildConfiguration;
			buildSettings = {
				ALWAYS_SEARCH_USER_PATHS = NO;
				CLANG_ANALYZER_NONNULL = YES;
				CLANG_CXX_LANGUAGE_STANDARD = "gnu++0x";
				CLANG_CXX_LIBRARY = "libc++";
				CLANG_ENABLE_MODULES = YES;
				CLANG_ENABLE_OBJC_ARC = YES;
				CLANG_WARN_BOOL_CONVERSION = YES;
				CLANG_WARN_CONSTANT_CONVERSION = YES;
				CLANG_WARN_DIRECT_OBJC_ISA_USAGE = YES_ERROR;
				CLANG_WARN_DOCUMENTATION_COMMENTS = YES;
				CLANG_WARN_EMPTY_BODY = YES;
				CLANG_WARN_ENUM_CONVERSION = YES;
				CLANG_WARN_INFINITE_RECURSION = YES;
				CLANG_WARN_INT_CONVERSION = YES;
				CLANG_WARN_OBJC_ROOT_CLASS = YES_ERROR;
				CLANG_WARN_SUSPICIOUS_MOVES = YES;
				CLANG_WARN_UNREACHABLE_CODE = YES;
				CLANG_WARN__DUPLICATE_METHOD_MATCH = YES;
				"CODE_SIGN_IDENTITY[sdk=iphoneos*]" = "iPhone Developer";
				COPY_PHASE_STRIP = NO;
				DEBUG_INFORMATION_FORMAT = "dwarf-with-dsym";
				ENABLE_NS_ASSERTIONS = NO;
				ENABLE_STRICT_OBJC_MSGSEND = YES;
				GCC_C_LANGUAGE_STANDARD = gnu99;
				GCC_NO_COMMON_BLOCKS = YES;
				GCC_WARN_64_TO_32_BIT_CONVERSION = YES;
				GCC_WARN_ABOUT_RETURN_TYPE = YES_ERROR;
				GCC_WARN_UNDECLARED_SELECTOR = YES;
				GCC_WARN_UNINITIALIZED_AUTOS = YES_AGGRESSIVE;
				GCC_WARN_UNUSED_FUNCTION = YES;
				GCC_WARN_UNUSED_VARIABLE = YES;
				IPHONEOS_DEPLOYMENT_TARGET = 10.0;
				MTL_ENABLE_DEBUG_INFO = NO;
				SDKROOT = iphoneos;
				SWIFT_OPTIMIZATION_LEVEL = "-Owholemodule";
				VALIDATE_PRODUCT = YES;
			};
			name = Release;
		};
		9FFC39D61DADE1CA002FE5D5 /* Debug */ = {
			isa = XCBuildConfiguration;
			buildSettings = {
				ASSETCATALOG_COMPILER_APPICON_NAME = AppIcon;
				DEVELOPMENT_TEAM = 756Y4UTJUH;
				INFOPLIST_FILE = "8-使用Runtime在分类Extension中添加属性/Info.plist";
				LD_RUNPATH_SEARCH_PATHS = "$(inherited) @executable_path/Frameworks";
				PRODUCT_BUNDLE_IDENTIFIER = "com.XiFengLang.----Runtime---Extension-----";
				PRODUCT_NAME = "$(TARGET_NAME)";
				SWIFT_VERSION = 3.0;
			};
			name = Debug;
		};
		9FFC39D71DADE1CA002FE5D5 /* Release */ = {
			isa = XCBuildConfiguration;
			buildSettings = {
				ASSETCATALOG_COMPILER_APPICON_NAME = AppIcon;
				DEVELOPMENT_TEAM = 756Y4UTJUH;
				INFOPLIST_FILE = "8-使用Runtime在分类Extension中添加属性/Info.plist";
				LD_RUNPATH_SEARCH_PATHS = "$(inherited) @executable_path/Frameworks";
				PRODUCT_BUNDLE_IDENTIFIER = "com.XiFengLang.----Runtime---Extension-----";
				PRODUCT_NAME = "$(TARGET_NAME)";
				SWIFT_VERSION = 3.0;
			};
			name = Release;
		};
/* End XCBuildConfiguration section */

/* Begin XCConfigurationList section */
		9FFC39BE1DADE1CA002FE5D5 /* Build configuration list for PBXProject "8-使用Runtime在分类Extension中添加属性" */ = {
			isa = XCConfigurationList;
			buildConfigurations = (
				9FFC39D31DADE1CA002FE5D5 /* Debug */,
				9FFC39D41DADE1CA002FE5D5 /* Release */,
			);
			defaultConfigurationIsVisible = 0;
			defaultConfigurationName = Release;
		};
		9FFC39D51DADE1CA002FE5D5 /* Build configuration list for PBXNativeTarget "8-使用Runtime在分类Extension中添加属性" */ = {
			isa = XCConfigurationList;
			buildConfigurations = (
				9FFC39D61DADE1CA002FE5D5 /* Debug */,
				9FFC39D71DADE1CA002FE5D5 /* Release */,
			);
			defaultConfigurationIsVisible = 0;
		};
/* End XCConfigurationList section */
	};
	rootObject = 9FFC39BB1DADE1CA002FE5D5 /* Project object */;
}
