// !$*UTF8*$!
{
	archiveVersion = 1;
	classes = {
	};
	objectVersion = 46;
	objects = {

/* Begin PBXBuildFile section */
		9F3347B01DB8919900535E14 /* AppDelegate.swift in Sources */ = {isa = PBXBuildFile; fileRef = 9F3347AF1DB8919900535E14 /* AppDelegate.swift */; };
		9F3347B21DB8919900535E14 /* ViewController.swift in Sources */ = {isa = PBXBuildFile; fileRef = 9F3347B11DB8919900535E14 /* ViewController.swift */; };
		9F3347B51DB8919900535E14 /* Main.storyboard in Resources */ = {isa = PBXBuildFile; fileRef = 9F3347B31DB8919900535E14 /* Main.storyboard */; };
		9F3347B71DB8919900535E14 /* Assets.xcassets in Resources */ = {isa = PBXBuildFile; fileRef = 9F3347B61DB8919900535E14 /* Assets.xcassets */; };
		9F3347BA1DB8919900535E14 /* LaunchScreen.storyboard in Resources */ = {isa = PBXBuildFile; fileRef = 9F3347B81DB8919900535E14 /* LaunchScreen.storyboard */; };
		9F3347C21DB891CC00535E14 /* JKImagePickerTool.swift in Sources */ = {isa = PBXBuildFile; fileRef = 9F3347C11DB891CC00535E14 /* JKImagePickerTool.swift */; };
		9F3347CC1DB8937E00535E14 /* Array+Extension.swift in Sources */ = {isa = PBXBuildFile; fileRef = 9F3347C41DB8937E00535E14 /* Array+Extension.swift */; };
		9F3347CD1DB8937E00535E14 /* JKAlertManager.swift in Sources */ = {isa = PBXBuildFile; fileRef = 9F3347C51DB8937E00535E14 /* JKAlertManager.swift */; };
		9F3347CE1DB8937E00535E14 /* JKAppAuthorizationRequest.swift in Sources */ = {isa = PBXBuildFile; fileRef = 9F3347C61DB8937E00535E14 /* JKAppAuthorizationRequest.swift */; };
		9F3347CF1DB8937E00535E14 /* JKBaseViewController.swift in Sources */ = {isa = PBXBuildFile; fileRef = 9F3347C71DB8937E00535E14 /* JKBaseViewController.swift */; };
		9F3347D01DB8937E00535E14 /* JKGlobalDefinition.swift in Sources */ = {isa = PBXBuildFile; fileRef = 9F3347C81DB8937E00535E14 /* JKGlobalDefinition.swift */; };
		9F3347D11DB8937E00535E14 /* JKThen.swift in Sources */ = {isa = PBXBuildFile; fileRef = 9F3347C91DB8937E00535E14 /* JKThen.swift */; };
		9F3347D21DB8937E00535E14 /* UIApplication+Extension.swift in Sources */ = {isa = PBXBuildFile; fileRef = 9F3347CA1DB8937E00535E14 /* UIApplication+Extension.swift */; };
		9F3347D31DB8937E00535E14 /* UIWindow+Extension.swift in Sources */ = {isa = PBXBuildFile; fileRef = 9F3347CB1DB8937E00535E14 /* UIWindow+Extension.swift */; };
		9F3347DE1DB8D49F00535E14 /* im_my_QR_code.png in Resources */ = {isa = PBXBuildFile; fileRef = 9F3347DD1DB8D49F00535E14 /* im_my_QR_code.png */; };
		9F3347E01DB8D4E600535E14 /* UIImage+Extension.swift in Sources */ = {isa = PBXBuildFile; fileRef = 9F3347DF1DB8D4E600535E14 /* UIImage+Extension.swift */; };
		9FBAB2AC1DD0918200CA3F9D /* UIColor+Extension.swift in Sources */ = {isa = PBXBuildFile; fileRef = 9FBAB2AB1DD0918200CA3F9D /* UIColor+Extension.swift */; };
		9FBAB2B21DD095FD00CA3F9D /* scan.png in Resources */ = {isa = PBXBuildFile; fileRef = 9FBAB2B11DD095FD00CA3F9D /* scan.png */; };
/* End PBXBuildFile section */

/* Begin PBXFileReference section */
		9F3347AC1DB8919900535E14 /* 10-自定义相册.app */ = {isa = PBXFileReference; explicitFileType = wrapper.application; includeInIndex = 0; path = "10-自定义相册.app"; sourceTree = BUILT_PRODUCTS_DIR; };
		9F3347AF1DB8919900535E14 /* AppDelegate.swift */ = {isa = PBXFileReference; lastKnownFileType = sourcecode.swift; path = AppDelegate.swift; sourceTree = "<group>"; };
		9F3347B11DB8919900535E14 /* ViewController.swift */ = {isa = PBXFileReference; lastKnownFileType = sourcecode.swift; path = ViewController.swift; sourceTree = "<group>"; };
		9F3347B41DB8919900535E14 /* Base */ = {isa = PBXFileReference; lastKnownFileType = file.storyboard; name = Base; path = Base.lproj/Main.storyboard; sourceTree = "<group>"; };
		9F3347B61DB8919900535E14 /* Assets.xcassets */ = {isa = PBXFileReference; lastKnownFileType = folder.assetcatalog; path = Assets.xcassets; sourceTree = "<group>"; };
		9F3347B91DB8919900535E14 /* Base */ = {isa = PBXFileReference; lastKnownFileType = file.storyboard; name = Base; path = Base.lproj/LaunchScreen.storyboard; sourceTree = "<group>"; };
		9F3347BB1DB8919900535E14 /* Info.plist */ = {isa = PBXFileReference; lastKnownFileType = text.plist.xml; path = Info.plist; sourceTree = "<group>"; };
		9F3347C11DB891CC00535E14 /* JKImagePickerTool.swift */ = {isa = PBXFileReference; fileEncoding = 4; lastKnownFileType = sourcecode.swift; path = JKImagePickerTool.swift; sourceTree = "<group>"; };
		9F3347C41DB8937E00535E14 /* Array+Extension.swift */ = {isa = PBXFileReference; fileEncoding = 4; lastKnownFileType = sourcecode.swift; path = "Array+Extension.swift"; sourceTree = "<group>"; };
		9F3347C51DB8937E00535E14 /* JKAlertManager.swift */ = {isa = PBXFileReference; fileEncoding = 4; lastKnownFileType = sourcecode.swift; path = JKAlertManager.swift; sourceTree = "<group>"; };
		9F3347C61DB8937E00535E14 /* JKAppAuthorizationRequest.swift */ = {isa = PBXFileReference; fileEncoding = 4; lastKnownFileType = sourcecode.swift; path = JKAppAuthorizationRequest.swift; sourceTree = "<group>"; };
		9F3347C71DB8937E00535E14 /* JKBaseViewController.swift */ = {isa = PBXFileReference; fileEncoding = 4; lastKnownFileType = sourcecode.swift; path = JKBaseViewController.swift; sourceTree = "<group>"; };
		9F3347C81DB8937E00535E14 /* JKGlobalDefinition.swift */ = {isa = PBXFileReference; fileEncoding = 4; lastKnownFileType = sourcecode.swift; path = JKGlobalDefinition.swift; sourceTree = "<group>"; };
		9F3347C91DB8937E00535E14 /* JKThen.swift */ = {isa = PBXFileReference; fileEncoding = 4; lastKnownFileType = sourcecode.swift; path = JKThen.swift; sourceTree = "<group>"; };
		9F3347CA1DB8937E00535E14 /* UIApplication+Extension.swift */ = {isa = PBXFileReference; fileEncoding = 4; lastKnownFileType = sourcecode.swift; path = "UIApplication+Extension.swift"; sourceTree = "<group>"; };
		9F3347CB1DB8937E00535E14 /* UIWindow+Extension.swift */ = {isa = PBXFileReference; fileEncoding = 4; lastKnownFileType = sourcecode.swift; path = "UIWindow+Extension.swift"; sourceTree = "<group>"; };
		9F3347DD1DB8D49F00535E14 /* im_my_QR_code.png */ = {isa = PBXFileReference; lastKnownFileType = image.png; path = im_my_QR_code.png; sourceTree = "<group>"; };
		9F3347DF1DB8D4E600535E14 /* UIImage+Extension.swift */ = {isa = PBXFileReference; fileEncoding = 4; lastKnownFileType = sourcecode.swift; path = "UIImage+Extension.swift"; sourceTree = "<group>"; };
		9FBAB2AB1DD0918200CA3F9D /* UIColor+Extension.swift */ = {isa = PBXFileReference; fileEncoding = 4; lastKnownFileType = sourcecode.swift; path = "UIColor+Extension.swift"; sourceTree = "<group>"; };
		9FBAB2B11DD095FD00CA3F9D /* scan.png */ = {isa = PBXFileReference; lastKnownFileType = image.png; path = scan.png; sourceTree = "<group>"; };
/* End PBXFileReference section */

/* Begin PBXFrameworksBuildPhase section */
		9F3347A91DB8919900535E14 /* Frameworks */ = {
			isa = PBXFrameworksBuildPhase;
			buildActionMask = 2147483647;
			files = (
			);
			runOnlyForDeploymentPostprocessing = 0;
		};
/* End PBXFrameworksBuildPhase section */

/* Begin PBXGroup section */
		9F3347A31DB8919900535E14 = {
			isa = PBXGroup;
			children = (
				9F3347AE1DB8919900535E14 /* 10-自定义相册 */,
				9F3347AD1DB8919900535E14 /* Products */,
			);
			sourceTree = "<group>";
		};
		9F3347AD1DB8919900535E14 /* Products */ = {
			isa = PBXGroup;
			children = (
				9F3347AC1DB8919900535E14 /* 10-自定义相册.app */,
			);
			name = Products;
			sourceTree = "<group>";
		};
		9F3347AE1DB8919900535E14 /* 10-自定义相册 */ = {
			isa = PBXGroup;
			children = (
				9F3347C31DB8937E00535E14 /* 通用 */,
				9F3347AF1DB8919900535E14 /* AppDelegate.swift */,
				9F3347B11DB8919900535E14 /* ViewController.swift */,
				9F3347C11DB891CC00535E14 /* JKImagePickerTool.swift */,
				9FBAB2B11DD095FD00CA3F9D /* scan.png */,
				9F3347DD1DB8D49F00535E14 /* im_my_QR_code.png */,
				9F3347B31DB8919900535E14 /* Main.storyboard */,
				9F3347B61DB8919900535E14 /* Assets.xcassets */,
				9F3347B81DB8919900535E14 /* LaunchScreen.storyboard */,
				9F3347BB1DB8919900535E14 /* Info.plist */,
			);
			path = "10-自定义相册";
			sourceTree = "<group>";
		};
		9F3347C31DB8937E00535E14 /* 通用 */ = {
			isa = PBXGroup;
			children = (
				9FBAB2AB1DD0918200CA3F9D /* UIColor+Extension.swift */,
				9F3347DF1DB8D4E600535E14 /* UIImage+Extension.swift */,
				9F3347C41DB8937E00535E14 /* Array+Extension.swift */,
				9F3347C51DB8937E00535E14 /* JKAlertManager.swift */,
				9F3347C61DB8937E00535E14 /* JKAppAuthorizationRequest.swift */,
				9F3347C71DB8937E00535E14 /* JKBaseViewController.swift */,
				9F3347C81DB8937E00535E14 /* JKGlobalDefinition.swift */,
				9F3347C91DB8937E00535E14 /* JKThen.swift */,
				9F3347CA1DB8937E00535E14 /* UIApplication+Extension.swift */,
				9F3347CB1DB8937E00535E14 /* UIWindow+Extension.swift */,
			);
			path = "通用";
			sourceTree = "<group>";
		};
/* End PBXGroup section */

/* Begin PBXNativeTarget section */
		9F3347AB1DB8919900535E14 /* 10-自定义相册 */ = {
			isa = PBXNativeTarget;
			buildConfigurationList = 9F3347BE1DB8919900535E14 /* Build configuration list for PBXNativeTarget "10-自定义相册" */;
			buildPhases = (
				9F3347A81DB8919900535E14 /* Sources */,
				9F3347A91DB8919900535E14 /* Frameworks */,
				9F3347AA1DB8919900535E14 /* Resources */,
			);
			buildRules = (
			);
			dependencies = (
			);
			name = "10-自定义相册";
			productName = "10-自定义相册";
			productReference = 9F3347AC1DB8919900535E14 /* 10-自定义相册.app */;
			productType = "com.apple.product-type.application";
		};
/* End PBXNativeTarget section */

/* Begin PBXProject section */
		9F3347A41DB8919900535E14 /* Project object */ = {
			isa = PBXProject;
			attributes = {
				LastSwiftUpdateCheck = 0800;
				LastUpgradeCheck = 0810;
				ORGANIZATIONNAME = "蒋鹏";
				TargetAttributes = {
					9F3347AB1DB8919900535E14 = {
						CreatedOnToolsVersion = 8.0;
						DevelopmentTeam = 756Y4UTJUH;
						ProvisioningStyle = Automatic;
					};
				};
			};
			buildConfigurationList = 9F3347A71DB8919900535E14 /* Build configuration list for PBXProject "10-自定义相册" */;
			compatibilityVersion = "Xcode 3.2";
			developmentRegion = English;
			hasScannedForEncodings = 0;
			knownRegions = (
				en,
				Base,
			);
			mainGroup = 9F3347A31DB8919900535E14;
			productRefGroup = 9F3347AD1DB8919900535E14 /* Products */;
			projectDirPath = "";
			projectRoot = "";
			targets = (
				9F3347AB1DB8919900535E14 /* 10-自定义相册 */,
			);
		};
/* End PBXProject section */

/* Begin PBXResourcesBuildPhase section */
		9F3347AA1DB8919900535E14 /* Resources */ = {
			isa = PBXResourcesBuildPhase;
			buildActionMask = 2147483647;
			files = (
				9F3347BA1DB8919900535E14 /* LaunchScreen.storyboard in Resources */,
				9F3347B71DB8919900535E14 /* Assets.xcassets in Resources */,
				9F3347B51DB8919900535E14 /* Main.storyboard in Resources */,
				9FBAB2B21DD095FD00CA3F9D /* scan.png in Resources */,
				9F3347DE1DB8D49F00535E14 /* im_my_QR_code.png in Resources */,
			);
			runOnlyForDeploymentPostprocessing = 0;
		};
/* End PBXResourcesBuildPhase section */

/* Begin PBXSourcesBuildPhase section */
		9F3347A81DB8919900535E14 /* Sources */ = {
			isa = PBXSourcesBuildPhase;
			buildActionMask = 2147483647;
			files = (
				9F3347B21DB8919900535E14 /* ViewController.swift in Sources */,
				9F3347C21DB891CC00535E14 /* JKImagePickerTool.swift in Sources */,
				9F3347D11DB8937E00535E14 /* JKThen.swift in Sources */,
				9F3347E01DB8D4E600535E14 /* UIImage+Extension.swift in Sources */,
				9F3347D01DB8937E00535E14 /* JKGlobalDefinition.swift in Sources */,
				9F3347D31DB8937E00535E14 /* UIWindow+Extension.swift in Sources */,
				9F3347CF1DB8937E00535E14 /* JKBaseViewController.swift in Sources */,
				9F3347CE1DB8937E00535E14 /* JKAppAuthorizationRequest.swift in Sources */,
				9F3347B01DB8919900535E14 /* AppDelegate.swift in Sources */,
				9F3347CC1DB8937E00535E14 /* Array+Extension.swift in Sources */,
				9FBAB2AC1DD0918200CA3F9D /* UIColor+Extension.swift in Sources */,
				9F3347D21DB8937E00535E14 /* UIApplication+Extension.swift in Sources */,
				9F3347CD1DB8937E00535E14 /* JKAlertManager.swift in Sources */,
			);
			runOnlyForDeploymentPostprocessing = 0;
		};
/* End PBXSourcesBuildPhase section */

/* Begin PBXVariantGroup section */
		9F3347B31DB8919900535E14 /* Main.storyboard */ = {
			isa = PBXVariantGroup;
			children = (
				9F3347B41DB8919900535E14 /* Base */,
			);
			name = Main.storyboard;
			sourceTree = "<group>";
		};
		9F3347B81DB8919900535E14 /* LaunchScreen.storyboard */ = {
			isa = PBXVariantGroup;
			children = (
				9F3347B91DB8919900535E14 /* Base */,
			);
			name = LaunchScreen.storyboard;
			sourceTree = "<group>";
		};
/* End PBXVariantGroup section */

/* Begin XCBuildConfiguration section */
		9F3347BC1DB8919900535E14 /* Debug */ = {
			isa = XCBuildConfiguration;
			buildSettings = {
				ALWAYS_SEARCH_USER_PATHS = NO;
				CLANG_ANALYZER_NONNULL = YES;
				CLANG_CXX_LANGUAGE_STANDARD = "gnu++0x";
				CLANG_CXX_LIBRARY = "libc++";
				CLANG_ENABLE_MODULES = YES;
				CLANG_ENABLE_OBJC_ARC = YES;
				CLANG_WARN_BOOL_CONVERSION = YES;
				CLANG_WARN_CONSTANT_CONVERSION = YES;
				CLANG_WARN_DIRECT_OBJC_ISA_USAGE = YES_ERROR;
				CLANG_WARN_DOCUMENTATION_COMMENTS = YES;
				CLANG_WARN_EMPTY_BODY = YES;
				CLANG_WARN_ENUM_CONVERSION = YES;
				CLANG_WARN_INFINITE_RECURSION = YES;
				CLANG_WARN_INT_CONVERSION = YES;
				CLANG_WARN_OBJC_ROOT_CLASS = YES_ERROR;
				CLANG_WARN_SUSPICIOUS_MOVE = YES;
				CLANG_WARN_SUSPICIOUS_MOVES = YES;
				CLANG_WARN_UNREACHABLE_CODE = YES;
				CLANG_WARN__DUPLICATE_METHOD_MATCH = YES;
				"CODE_SIGN_IDENTITY[sdk=iphoneos*]" = "iPhone Developer";
				COPY_PHASE_STRIP = NO;
				DEBUG_INFORMATION_FORMAT = dwarf;
				ENABLE_STRICT_OBJC_MSGSEND = YES;
				ENABLE_TESTABILITY = YES;
				GCC_C_LANGUAGE_STANDARD = gnu99;
				GCC_DYNAMIC_NO_PIC = NO;
				GCC_NO_COMMON_BLOCKS = YES;
				GCC_OPTIMIZATION_LEVEL = 0;
				GCC_PREPROCESSOR_DEFINITIONS = (
					"DEBUG=1",
					"$(inherited)",
				);
				GCC_WARN_64_TO_32_BIT_CONVERSION = YES;
				GCC_WARN_ABOUT_RETURN_TYPE = YES_ERROR;
				GCC_WARN_UNDECLARED_SELECTOR = YES;
				GCC_WARN_UNINITIALIZED_AUTOS = YES_AGGRESSIVE;
				GCC_WARN_UNUSED_FUNCTION = YES;
				GCC_WARN_UNUSED_VARIABLE = YES;
				IPHONEOS_DEPLOYMENT_TARGET = 10.0;
				MTL_ENABLE_DEBUG_INFO = YES;
				ONLY_ACTIVE_ARCH = YES;
				SDKROOT = iphoneos;
				SWIFT_ACTIVE_COMPILATION_CONDITIONS = DEBUG;
				SWIFT_OPTIMIZATION_LEVEL = "-Onone";
			};
			name = Debug;
		};
		9F3347BD1DB8919900535E14 /* Release */ = {
			isa = XCBuildConfiguration;
			buildSettings = {
				ALWAYS_SEARCH_USER_PATHS = NO;
				CLANG_ANALYZER_NONNULL = YES;
				CLANG_CXX_LANGUAGE_STANDARD = "gnu++0x";
				CLANG_CXX_LIBRARY = "libc++";
				CLANG_ENABLE_MODULES = YES;
				CLANG_ENABLE_OBJC_ARC = YES;
				CLANG_WARN_BOOL_CONVERSION = YES;
				CLANG_WARN_CONSTANT_CONVERSION = YES;
				CLANG_WARN_DIRECT_OBJC_ISA_USAGE = YES_ERROR;
				CLANG_WARN_DOCUMENTATION_COMMENTS = YES;
				CLANG_WARN_EMPTY_BODY = YES;
				CLANG_WARN_ENUM_CONVERSION = YES;
				CLANG_WARN_INFINITE_RECURSION = YES;
				CLANG_WARN_INT_CONVERSION = YES;
				CLANG_WARN_OBJC_ROOT_CLASS = YES_ERROR;
				CLANG_WARN_SUSPICIOUS_MOVE = YES;
				CLANG_WARN_SUSPICIOUS_MOVES = YES;
				CLANG_WARN_UNREACHABLE_CODE = YES;
				CLANG_WARN__DUPLICATE_METHOD_MATCH = YES;
				"CODE_SIGN_IDENTITY[sdk=iphoneos*]" = "iPhone Developer";
				COPY_PHASE_STRIP = NO;
				DEBUG_INFORMATION_FORMAT = "dwarf-with-dsym";
				ENABLE_NS_ASSERTIONS = NO;
				ENABLE_STRICT_OBJC_MSGSEND = YES;
				GCC_C_LANGUAGE_STANDARD = gnu99;
				GCC_NO_COMMON_BLOCKS = YES;
				GCC_WARN_64_TO_32_BIT_CONVERSION = YES;
				GCC_WARN_ABOUT_RETURN_TYPE = YES_ERROR;
				GCC_WARN_UNDECLARED_SELECTOR = YES;
				GCC_WARN_UNINITIALIZED_AUTOS = YES_AGGRESSIVE;
				GCC_WARN_UNUSED_FUNCTION = YES;
				GCC_WARN_UNUSED_VARIABLE = YES;
				IPHONEOS_DEPLOYMENT_TARGET = 10.0;
				MTL_ENABLE_DEBUG_INFO = NO;
				SDKROOT = iphoneos;
				SWIFT_OPTIMIZATION_LEVEL = "-Owholemodule";
				VALIDATE_PRODUCT = YES;
			};
			name = Release;
		};
		9F3347BF1DB8919900535E14 /* Debug */ = {
			isa = XCBuildConfiguration;
			buildSettings = {
				ASSETCATALOG_COMPILER_APPICON_NAME = AppIcon;
				DEVELOPMENT_TEAM = 756Y4UTJUH;
				INFOPLIST_FILE = "10-自定义相册/Info.plist";
				LD_RUNPATH_SEARCH_PATHS = "$(inherited) @executable_path/Frameworks";
				PRODUCT_BUNDLE_IDENTIFIER = "com.XiFengLang.-0------";
				PRODUCT_NAME = "$(TARGET_NAME)";
				SWIFT_VERSION = 3.0;
			};
			name = Debug;
		};
		9F3347C01DB8919900535E14 /* Release */ = {
			isa = XCBuildConfiguration;
			buildSettings = {
				ASSETCATALOG_COMPILER_APPICON_NAME = AppIcon;
				DEVELOPMENT_TEAM = 756Y4UTJUH;
				INFOPLIST_FILE = "10-自定义相册/Info.plist";
				LD_RUNPATH_SEARCH_PATHS = "$(inherited) @executable_path/Frameworks";
				PRODUCT_BUNDLE_IDENTIFIER = "com.XiFengLang.-0------";
				PRODUCT_NAME = "$(TARGET_NAME)";
				SWIFT_VERSION = 3.0;
			};
			name = Release;
		};
/* End XCBuildConfiguration section */

/* Begin XCConfigurationList section */
		9F3347A71DB8919900535E14 /* Build configuration list for PBXProject "10-自定义相册" */ = {
			isa = XCConfigurationList;
			buildConfigurations = (
				9F3347BC1DB8919900535E14 /* Debug */,
				9F3347BD1DB8919900535E14 /* Release */,
			);
			defaultConfigurationIsVisible = 0;
			defaultConfigurationName = Release;
		};
		9F3347BE1DB8919900535E14 /* Build configuration list for PBXNativeTarget "10-自定义相册" */ = {
			isa = XCConfigurationList;
			buildConfigurations = (
				9F3347BF1DB8919900535E14 /* Debug */,
				9F3347C01DB8919900535E14 /* Release */,
			);
			defaultConfigurationIsVisible = 0;
			defaultConfigurationName = Release;
		};
/* End XCConfigurationList section */
	};
	rootObject = 9F3347A41DB8919900535E14 /* Project object */;
}
